
Microsoft Visual Studio Solution File, Format Version 12.00
# Visual Studio Version 17
VisualStudioVersion = 17.3.32825.248
MinimumVisualStudioVersion = 10.0.40219.1
Project("{FAE04EC0-301F-11D3-BF4B-00C04F79EFBC}") = "4", "1\4.csproj", "{834692B9-25DE-4618-A23D-BBC904B0A112}"
EndProject
Project("{FAE04EC0-301F-11D3-BF4B-00C04F79EFBC}") = "5", "5\5.csproj", "{AB433BA6-2FC5-4344-800F-F0819C197D62}"
EndProject
Project("{FAE04EC0-301F-11D3-BF4B-00C04F79EFBC}") = "6", "6\6.csproj", "{0F86938E-B01B-4DA0-A608-F0F9F1038FF9}"
EndProject
Project("{FAE04EC0-301F-11D3-BF4B-00C04F79EFBC}") = "7", "7\7.csproj", "{49EB9861-1A3C-4B31-A457-74A1C9C42F5A}"
EndProject
Project("{FAE04EC0-301F-11D3-BF4B-00C04F79EFBC}") = "8", "8\8.csproj", "{7463D34A-B74D-48CD-A1DF-53B97E72C4B4}"
EndProject
Project("{FAE04EC0-301F-11D3-BF4B-00C04F79EFBC}") = "9", "9\9.csproj", "{B52C017E-F263-4FC2-804C-ABF6F4FBB39C}"
EndProject
Project("{FAE04EC0-301F-11D3-BF4B-00C04F79EFBC}") = "10", "10\10.csproj", "{AC733901-8AB4-4814-B024-031A01F20A34}"
EndProject
Project("{FAE04EC0-301F-11D3-BF4B-00C04F79EFBC}") = "11", "11\11.csproj", "{58A00A2F-8FA4-4570-A55C-98DE6AC37D55}"
EndProject
Project("{FAE04EC0-301F-11D3-BF4B-00C04F79EFBC}") = "12", "12\12.csproj", "{6082E893-49A4-4DBB-A3D4-E29581EA07F8}"
EndProject
Project("{FAE04EC0-301F-11D3-BF4B-00C04F79EFBC}") = "13", "13\13.csproj", "{ABDB409D-D1C3-4C37-A064-4AD786CEE47B}"
EndProject
Project("{FAE04EC0-301F-11D3-BF4B-00C04F79EFBC}") = "14", "14\14.csproj", "{AF59DEB2-8586-483E-AF45-2A13587B74B3}"
EndProject
Project("{FAE04EC0-301F-11D3-BF4B-00C04F79EFBC}") = "15", "15\15.csproj", "{B60632B6-64BA-427C-AEDB-26992E55E709}"
EndProject
Project("{FAE04EC0-301F-11D3-BF4B-00C04F79EFBC}") = "16", "16\16.csproj", "{2EC5B49D-88B2-40FD-9C47-411208C468CF}"
EndProject
Project("{FAE04EC0-301F-11D3-BF4B-00C04F79EFBC}") = "17", "17\17.csproj", "{1C9DDF7F-51BD-48DE-9F13-2091D6CB799D}"
EndProject
Global
	GlobalSection(SolutionConfigurationPlatforms) = preSolution
		Debug|Any CPU = Debug|Any CPU
		Release|Any CPU = Release|Any CPU
	EndGlobalSection
	GlobalSection(ProjectConfigurationPlatforms) = postSolution
		{834692B9-25DE-4618-A23D-BBC904B0A112}.Debug|Any CPU.ActiveCfg = Debug|Any CPU
		{834692B9-25DE-4618-A23D-BBC904B0A112}.Debug|Any CPU.Build.0 = Debug|Any CPU
		{834692B9-25DE-4618-A23D-BBC904B0A112}.Release|Any CPU.ActiveCfg = Release|Any CPU
		{834692B9-25DE-4618-A23D-BBC904B0A112}.Release|Any CPU.Build.0 = Release|Any CPU
		{AB433BA6-2FC5-4344-800F-F0819C197D62}.Debug|Any CPU.ActiveCfg = Debug|Any CPU
		{AB433BA6-2FC5-4344-800F-F0819C197D62}.Debug|Any CPU.Build.0 = Debug|Any CPU
		{AB433BA6-2FC5-4344-800F-F0819C197D62}.Release|Any CPU.ActiveCfg = Release|Any CPU
		{AB433BA6-2FC5-4344-800F-F0819C197D62}.Release|Any CPU.Build.0 = Release|Any CPU
		{0F86938E-B01B-4DA0-A608-F0F9F1038FF9}.Debug|Any CPU.ActiveCfg = Debug|Any CPU
		{0F86938E-B01B-4DA0-A608-F0F9F1038FF9}.Debug|Any CPU.Build.0 = Debug|Any CPU
		{0F86938E-B01B-4DA0-A608-F0F9F1038FF9}.Release|Any CPU.ActiveCfg = Release|Any CPU
		{0F86938E-B01B-4DA0-A608-F0F9F1038FF9}.Release|Any CPU.Build.0 = Release|Any CPU
		{49EB9861-1A3C-4B31-A457-74A1C9C42F5A}.Debug|Any CPU.ActiveCfg = Debug|Any CPU
		{49EB9861-1A3C-4B31-A457-74A1C9C42F5A}.Debug|Any CPU.Build.0 = Debug|Any CPU
		{49EB9861-1A3C-4B31-A457-74A1C9C42F5A}.Release|Any CPU.ActiveCfg = Release|Any CPU
		{49EB9861-1A3C-4B31-A457-74A1C9C42F5A}.Release|Any CPU.Build.0 = Release|Any CPU
		{7463D34A-B74D-48CD-A1DF-53B97E72C4B4}.Debug|Any CPU.ActiveCfg = Debug|Any CPU
		{7463D34A-B74D-48CD-A1DF-53B97E72C4B4}.Debug|Any CPU.Build.0 = Debug|Any CPU
		{7463D34A-B74D-48CD-A1DF-53B97E72C4B4}.Release|Any CPU.ActiveCfg = Release|Any CPU
		{7463D34A-B74D-48CD-A1DF-53B97E72C4B4}.Release|Any CPU.Build.0 = Release|Any CPU
		{B52C017E-F263-4FC2-804C-ABF6F4FBB39C}.Debug|Any CPU.ActiveCfg = Debug|Any CPU
		{B52C017E-F263-4FC2-804C-ABF6F4FBB39C}.Debug|Any CPU.Build.0 = Debug|Any CPU
		{B52C017E-F263-4FC2-804C-ABF6F4FBB39C}.Release|Any CPU.ActiveCfg = Release|Any CPU
		{B52C017E-F263-4FC2-804C-ABF6F4FBB39C}.Release|Any CPU.Build.0 = Release|Any CPU
		{AC733901-8AB4-4814-B024-031A01F20A34}.Debug|Any CPU.ActiveCfg = Debug|Any CPU
		{AC733901-8AB4-4814-B024-031A01F20A34}.Debug|Any CPU.Build.0 = Debug|Any CPU
		{AC733901-8AB4-4814-B024-031A01F20A34}.Release|Any CPU.ActiveCfg = Release|Any CPU
		{AC733901-8AB4-4814-B024-031A01F20A34}.Release|Any CPU.Build.0 = Release|Any CPU
		{58A00A2F-8FA4-4570-A55C-98DE6AC37D55}.Debug|Any CPU.ActiveCfg = Debug|Any CPU
		{58A00A2F-8FA4-4570-A55C-98DE6AC37D55}.Debug|Any CPU.Build.0 = Debug|Any CPU
		{58A00A2F-8FA4-4570-A55C-98DE6AC37D55}.Release|Any CPU.ActiveCfg = Release|Any CPU
		{58A00A2F-8FA4-4570-A55C-98DE6AC37D55}.Release|Any CPU.Build.0 = Release|Any CPU
		{6082E893-49A4-4DBB-A3D4-E29581EA07F8}.Debug|Any CPU.ActiveCfg = Debug|Any CPU
		{6082E893-49A4-4DBB-A3D4-E29581EA07F8}.Debug|Any CPU.Build.0 = Debug|Any CPU
		{6082E893-49A4-4DBB-A3D4-E29581EA07F8}.Release|Any CPU.ActiveCfg = Release|Any CPU
		{6082E893-49A4-4DBB-A3D4-E29581EA07F8}.Release|Any CPU.Build.0 = Release|Any CPU
		{ABDB409D-D1C3-4C37-A064-4AD786CEE47B}.Debug|Any CPU.ActiveCfg = Debug|Any CPU
		{ABDB409D-D1C3-4C37-A064-4AD786CEE47B}.Debug|Any CPU.Build.0 = Debug|Any CPU
		{ABDB409D-D1C3-4C37-A064-4AD786CEE47B}.Release|Any CPU.ActiveCfg = Release|Any CPU
		{ABDB409D-D1C3-4C37-A064-4AD786CEE47B}.Release|Any CPU.Build.0 = Release|Any CPU
		{AF59DEB2-8586-483E-AF45-2A13587B74B3}.Debug|Any CPU.ActiveCfg = Debug|Any CPU
		{AF59DEB2-8586-483E-AF45-2A13587B74B3}.Debug|Any CPU.Build.0 = Debug|Any CPU
		{AF59DEB2-8586-483E-AF45-2A13587B74B3}.Release|Any CPU.ActiveCfg = Release|Any CPU
		{AF59DEB2-8586-483E-AF45-2A13587B74B3}.Release|Any CPU.Build.0 = Release|Any CPU
		{B60632B6-64BA-427C-AEDB-26992E55E709}.Debug|Any CPU.ActiveCfg = Debug|Any CPU
		{B60632B6-64BA-427C-AEDB-26992E55E709}.Debug|Any CPU.Build.0 = Debug|Any CPU
		{B60632B6-64BA-427C-AEDB-26992E55E709}.Release|Any CPU.ActiveCfg = Release|Any CPU
		{B60632B6-64BA-427C-AEDB-26992E55E709}.Release|Any CPU.Build.0 = Release|Any CPU
		{2EC5B49D-88B2-40FD-9C47-411208C468CF}.Debug|Any CPU.ActiveCfg = Debug|Any CPU
		{2EC5B49D-88B2-40FD-9C47-411208C468CF}.Debug|Any CPU.Build.0 = Debug|Any CPU
		{2EC5B49D-88B2-40FD-9C47-411208C468CF}.Release|Any CPU.ActiveCfg = Release|Any CPU
		{2EC5B49D-88B2-40FD-9C47-411208C468CF}.Release|Any CPU.Build.0 = Release|Any CPU
		{1C9DDF7F-51BD-48DE-9F13-2091D6CB799D}.Debug|Any CPU.ActiveCfg = Debug|Any CPU
		{1C9DDF7F-51BD-48DE-9F13-2091D6CB799D}.Debug|Any CPU.Build.0 = Debug|Any CPU
		{1C9DDF7F-51BD-48DE-9F13-2091D6CB799D}.Release|Any CPU.ActiveCfg = Release|Any CPU
		{1C9DDF7F-51BD-48DE-9F13-2091D6CB799D}.Release|Any CPU.Build.0 = Release|Any CPU
	EndGlobalSection
	GlobalSection(SolutionProperties) = preSolution
		HideSolutionNode = FALSE
	EndGlobalSection
	GlobalSection(ExtensibilityGlobals) = postSolution
		SolutionGuid = {27E1DE63-2EDD-4CA2-95F2-08203E0BD265}
	EndGlobalSection
EndGlobal
